# THIS IS AN AUTOGENERATED FILE. DO NOT EDIT THIS FILE DIRECTLY.
# yarn lockfile v1


axios@^0.11.0:
  version "0.11.1"
  resolved "https://registry.yarnpkg.com/axios/-/axios-0.11.1.tgz#39cdb65813e2c549d1c2e9c389f7e33aa65cca22"
  dependencies:
    follow-redirects "0.0.7"

commander@^2.9.0:
  version "2.9.0"
  resolved "https://registry.yarnpkg.com/commander/-/commander-2.9.0.tgz#9c99094176e12240cb22d6c5146098400fe0f7d4"
  dependencies:
    graceful-readlink ">= 1.0.0"

debug@^2.2.0:
  version "2.6.6"
  resolved "https://registry.yarnpkg.com/debug/-/debug-2.6.6.tgz#a9fa6fbe9ca43cf1e79f73b75c0189cbb7d6db5a"
  dependencies:
    ms "0.7.3"

devour-client@^1.4.1:
  version "1.4.1"
  resolved "https://registry.yarnpkg.com/devour-client/-/devour-client-1.4.1.tgz#345676ad0eec311b8a4744a5582ec1025f64983a"
  dependencies:
    axios "^0.11.0"
    es6-promise "^3.1.2"
    lodash "^4.11.2"
    minilog "^3.0.0"
    pluralize "^1.2.1"
    qs "^6.1.0"

es6-promise@^3.1.2:
  version "3.3.1"
  resolved "https://registry.yarnpkg.com/es6-promise/-/es6-promise-3.3.1.tgz#a08cdde84ccdbf34d027a1451bc91d4bcd28a613"

follow-redirects@0.0.7:
  version "0.0.7"
  resolved "https://registry.yarnpkg.com/follow-redirects/-/follow-redirects-0.0.7.tgz#34b90bab2a911aa347571da90f22bd36ecd8a919"
  dependencies:
    debug "^2.2.0"
    stream-consume "^0.1.0"

"graceful-readlink@>= 1.0.0":
  version "1.0.1"
  resolved "https://registry.yarnpkg.com/graceful-readlink/-/graceful-readlink-1.0.1.tgz#4cafad76bc62f02fa039b2f94e9a3dd3a391a725"

lodash@^4.11.2, lodash@^4.17.4:
  version "4.17.4"
  resolved "https://registry.yarnpkg.com/lodash/-/lodash-4.17.4.tgz#78203a4d1c328ae1d86dca6460e369b57f4055ae"

microee@0.0.6:
  version "0.0.6"
  resolved "https://registry.yarnpkg.com/microee/-/microee-0.0.6.tgz#a12bdb0103681e8b126a9b071eba4c467c78fffe"

minilog@^3.0.0:
  version "3.1.0"
  resolved "https://registry.yarnpkg.com/minilog/-/minilog-3.1.0.tgz#d2d0f1887ca363d1acf0ea86d5c4df293b3fb675"
  dependencies:
    microee "0.0.6"

ms@0.7.3:
  version "0.7.3"
  resolved "https://registry.yarnpkg.com/ms/-/ms-0.7.3.tgz#708155a5e44e33f5fd0fc53e81d0d40a91be1fff"

pluralize@^1.2.1:
  version "1.2.1"
  resolved "https://registry.yarnpkg.com/pluralize/-/pluralize-1.2.1.tgz#d1a21483fd22bb41e58a12fa3421823140897c45"

qs@^6.1.0:
  version "6.4.0"
  resolved "https://registry.yarnpkg.com/qs/-/qs-6.4.0.tgz#13e26d28ad6b0ffaa91312cd3bf708ed351e7233"

stream-consume@^0.1.0:
  version "0.1.0"
  resolved "https://registry.yarnpkg.com/stream-consume/-/stream-consume-0.1.0.tgz#a41ead1a6d6081ceb79f65b061901b6d8f3d1d0f"
